// !$*UTF8*$!
{
	archiveVersion = 1;
	classes = {
	};
	objectVersion = 56;
	objects = {

/* Begin PBXBuildFile section */
		9E0791E72BD262D6003D93EA /* CaptionedMusicView.swift in Sources */ = {isa = PBXBuildFile; fileRef = 9E0791E52BD262D6003D93EA /* CaptionedMusicView.swift */; };
		9E0791E82BD262D6003D93EA /* CaptionedMusicView.xib in Resources */ = {isa = PBXBuildFile; fileRef = 9E0791E62BD262D6003D93EA /* CaptionedMusicView.xib */; };
		9E0791EA2BD2636E003D93EA /* CaptionedMusic.swift in Sources */ = {isa = PBXBuildFile; fileRef = 9E0791E92BD2636E003D93EA /* CaptionedMusic.swift */; };
		9E0791EC2BD267D3003D93EA /* morire.MP3 in Resources */ = {isa = PBXBuildFile; fileRef = 9E0791EB2BD267D3003D93EA /* morire.MP3 */; };
		9E0791EE2BD267E1003D93EA /* ellaSeFue.MP3 in Resources */ = {isa = PBXBuildFile; fileRef = 9E0791ED2BD267E1003D93EA /* ellaSeFue.MP3 */; };
		9E51A00E2BD259DC00D2B259 /* AppDelegate.swift in Sources */ = {isa = PBXBuildFile; fileRef = 9E51A00D2BD259DC00D2B259 /* AppDelegate.swift */; };
		9E51A0102BD259DC00D2B259 /* SceneDelegate.swift in Sources */ = {isa = PBXBuildFile; fileRef = 9E51A00F2BD259DC00D2B259 /* SceneDelegate.swift */; };
		9E51A0172BD259DD00D2B259 /* Assets.xcassets in Resources */ = {isa = PBXBuildFile; fileRef = 9E51A0162BD259DD00D2B259 /* Assets.xcassets */; };
		9E51A01A2BD259DD00D2B259 /* Base in Resources */ = {isa = PBXBuildFile; fileRef = 9E51A0192BD259DD00D2B259 /* Base */; };
		9E51A0232BD25A2400D2B259 /* HomeViewController.xib in Resources */ = {isa = PBXBuildFile; fileRef = 9E51A0222BD25A2400D2B259 /* HomeViewController.xib */; };
		9E51A0252BD25A3200D2B259 /* HomeViewController.swift in Sources */ = {isa = PBXBuildFile; fileRef = 9E51A0242BD25A3200D2B259 /* HomeViewController.swift */; };
		9E51A02D2BD25CEA00D2B259 /* SongType.swift in Sources */ = {isa = PBXBuildFile; fileRef = 9E51A02C2BD25CEA00D2B259 /* SongType.swift */; };
		9E51A02F2BD25CF900D2B259 /* MusicType.swift in Sources */ = {isa = PBXBuildFile; fileRef = 9E51A02E2BD25CF900D2B259 /* MusicType.swift */; };
		9E51A0332BD25D7D00D2B259 /* MusicViewController.swift in Sources */ = {isa = PBXBuildFile; fileRef = 9E51A0312BD25D7D00D2B259 /* MusicViewController.swift */; };
		9E51A0342BD25D7D00D2B259 /* MusicViewController.xib in Resources */ = {isa = PBXBuildFile; fileRef = 9E51A0322BD25D7D00D2B259 /* MusicViewController.xib */; };
		9ED2D9EB2BD2D1F8002B2C30 /* agarrala.MP3 in Resources */ = {isa = PBXBuildFile; fileRef = 9ED2D9EA2BD2D1F8002B2C30 /* agarrala.MP3 */; };
		9ED2D9ED2BD2D2DC002B2C30 /* morena.MP3 in Resources */ = {isa = PBXBuildFile; fileRef = 9ED2D9EC2BD2D2DB002B2C30 /* morena.MP3 */; };
		9ED2D9EF2BD2D4C2002B2C30 /* rehuso.MP3 in Resources */ = {isa = PBXBuildFile; fileRef = 9ED2D9EE2BD2D4C2002B2C30 /* rehuso.MP3 */; };
/* End PBXBuildFile section */

/* Begin PBXFileReference section */
		9E0791E52BD262D6003D93EA /* CaptionedMusicView.swift */ = {isa = PBXFileReference; lastKnownFileType = sourcecode.swift; path = CaptionedMusicView.swift; sourceTree = "<group>"; };
		9E0791E62BD262D6003D93EA /* CaptionedMusicView.xib */ = {isa = PBXFileReference; lastKnownFileType = file.xib; path = CaptionedMusicView.xib; sourceTree = "<group>"; };
		9E0791E92BD2636E003D93EA /* CaptionedMusic.swift */ = {isa = PBXFileReference; lastKnownFileType = sourcecode.swift; path = CaptionedMusic.swift; sourceTree = "<group>"; };
		9E0791EB2BD267D3003D93EA /* morire.MP3 */ = {isa = PBXFileReference; lastKnownFileType = audio.mp3; path = morire.MP3; sourceTree = "<group>"; };
		9E0791ED2BD267E1003D93EA /* ellaSeFue.MP3 */ = {isa = PBXFileReference; lastKnownFileType = audio.mp3; path = ellaSeFue.MP3; sourceTree = "<group>"; };
		9E51A00A2BD259DC00D2B259 /* Musica.app */ = {isa = PBXFileReference; explicitFileType = wrapper.application; includeInIndex = 0; path = Musica.app; sourceTree = BUILT_PRODUCTS_DIR; };
		9E51A00D2BD259DC00D2B259 /* AppDelegate.swift */ = {isa = PBXFileReference; lastKnownFileType = sourcecode.swift; path = AppDelegate.swift; sourceTree = "<group>"; };
		9E51A00F2BD259DC00D2B259 /* SceneDelegate.swift */ = {isa = PBXFileReference; lastKnownFileType = sourcecode.swift; path = SceneDelegate.swift; sourceTree = "<group>"; };
		9E51A0162BD259DD00D2B259 /* Assets.xcassets */ = {isa = PBXFileReference; lastKnownFileType = folder.assetcatalog; path = Assets.xcassets; sourceTree = "<group>"; };
		9E51A0192BD259DD00D2B259 /* Base */ = {isa = PBXFileReference; lastKnownFileType = file.storyboard; name = Base; path = Base.lproj/LaunchScreen.storyboard; sourceTree = "<group>"; };
		9E51A01B2BD259DD00D2B259 /* Info.plist */ = {isa = PBXFileReference; lastKnownFileType = text.plist.xml; path = Info.plist; sourceTree = "<group>"; };
		9E51A0222BD25A2400D2B259 /* HomeViewController.xib */ = {isa = PBXFileReference; fileEncoding = 4; lastKnownFileType = file.xib; path = HomeViewController.xib; sourceTree = "<group>"; };
		9E51A0242BD25A3200D2B259 /* HomeViewController.swift */ = {isa = PBXFileReference; fileEncoding = 4; lastKnownFileType = sourcecode.swift; path = HomeViewController.swift; sourceTree = "<group>"; };
		9E51A02C2BD25CEA00D2B259 /* SongType.swift */ = {isa = PBXFileReference; lastKnownFileType = sourcecode.swift; path = SongType.swift; sourceTree = "<group>"; };
		9E51A02E2BD25CF900D2B259 /* MusicType.swift */ = {isa = PBXFileReference; lastKnownFileType = sourcecode.swift; path = MusicType.swift; sourceTree = "<group>"; };
		9E51A0312BD25D7D00D2B259 /* MusicViewController.swift */ = {isa = PBXFileReference; lastKnownFileType = sourcecode.swift; path = MusicViewController.swift; sourceTree = "<group>"; };
		9E51A0322BD25D7D00D2B259 /* MusicViewController.xib */ = {isa = PBXFileReference; lastKnownFileType = file.xib; path = MusicViewController.xib; sourceTree = "<group>"; };
		9ED2D9EA2BD2D1F8002B2C30 /* agarrala.MP3 */ = {isa = PBXFileReference; lastKnownFileType = audio.mp3; path = agarrala.MP3; sourceTree = "<group>"; };
		9ED2D9EC2BD2D2DB002B2C30 /* morena.MP3 */ = {isa = PBXFileReference; lastKnownFileType = audio.mp3; path = morena.MP3; sourceTree = "<group>"; };
		9ED2D9EE2BD2D4C2002B2C30 /* rehuso.MP3 */ = {isa = PBXFileReference; lastKnownFileType = audio.mp3; path = rehuso.MP3; sourceTree = "<group>"; };
/* End PBXFileReference section */

/* Begin PBXFrameworksBuildPhase section */
		9E51A0072BD259DB00D2B259 /* Frameworks */ = {
			isa = PBXFrameworksBuildPhase;
			buildActionMask = 2147483647;
			files = (
			);
			runOnlyForDeploymentPostprocessing = 0;
		};
/* End PBXFrameworksBuildPhase section */

/* Begin PBXGroup section */
		9E0791E22BD2622C003D93EA /* CaptionedMusicView */ = {
			isa = PBXGroup;
			children = (
				9E0791E52BD262D6003D93EA /* CaptionedMusicView.swift */,
				9E0791E62BD262D6003D93EA /* CaptionedMusicView.xib */,
				9E0791E92BD2636E003D93EA /* CaptionedMusic.swift */,
			);
			path = CaptionedMusicView;
			sourceTree = "<group>";
		};
		9E51A0012BD259DB00D2B259 = {
			isa = PBXGroup;
			children = (
				9E51A00C2BD259DC00D2B259 /* Musica */,
				9E51A00B2BD259DC00D2B259 /* Products */,
			);
			sourceTree = "<group>";
		};
		9E51A00B2BD259DC00D2B259 /* Products */ = {
			isa = PBXGroup;
			children = (
				9E51A00A2BD259DC00D2B259 /* Musica.app */,
			);
			name = Products;
			sourceTree = "<group>";
		};
		9E51A00C2BD259DC00D2B259 /* Musica */ = {
			isa = PBXGroup;
			children = (
				9E0791E22BD2622C003D93EA /* CaptionedMusicView */,
				9E51A0302BD25D6600D2B259 /* MusicViewController */,
				9E51A0212BD25A0D00D2B259 /* Home */,
				9E51A00D2BD259DC00D2B259 /* AppDelegate.swift */,
				9E51A00F2BD259DC00D2B259 /* SceneDelegate.swift */,
				9E51A0162BD259DD00D2B259 /* Assets.xcassets */,
				9E51A0182BD259DD00D2B259 /* LaunchScreen.storyboard */,
				9E51A01B2BD259DD00D2B259 /* Info.plist */,
				9E51A02C2BD25CEA00D2B259 /* SongType.swift */,
				9E51A02E2BD25CF900D2B259 /* MusicType.swift */,
				9E0791EB2BD267D3003D93EA /* morire.MP3 */,
				9E0791ED2BD267E1003D93EA /* ellaSeFue.MP3 */,
				9ED2D9EA2BD2D1F8002B2C30 /* agarrala.MP3 */,
				9ED2D9EC2BD2D2DB002B2C30 /* morena.MP3 */,
				9ED2D9EE2BD2D4C2002B2C30 /* rehuso.MP3 */,
			);
			path = Musica;
			sourceTree = "<group>";
		};
		9E51A0212BD25A0D00D2B259 /* Home */ = {
			isa = PBXGroup;
			children = (
				9E51A0222BD25A2400D2B259 /* HomeViewController.xib */,
				9E51A0242BD25A3200D2B259 /* HomeViewController.swift */,
			);
			path = Home;
			sourceTree = "<group>";
		};
		9E51A0302BD25D6600D2B259 /* MusicViewController */ = {
			isa = PBXGroup;
			children = (
				9E51A0312BD25D7D00D2B259 /* MusicViewController.swift */,
				9E51A0322BD25D7D00D2B259 /* MusicViewController.xib */,
			);
			name = MusicViewController;
			sourceTree = "<group>";
		};
/* End PBXGroup section */

/* Begin PBXNativeTarget section */
		9E51A0092BD259DB00D2B259 /* Musica */ = {
			isa = PBXNativeTarget;
			buildConfigurationList = 9E51A01E2BD259DD00D2B259 /* Build configuration list for PBXNativeTarget "Musica" */;
			buildPhases = (
				9E51A0062BD259DB00D2B259 /* Sources */,
				9E51A0072BD259DB00D2B259 /* Frameworks */,
				9E51A0082BD259DB00D2B259 /* Resources */,
			);
			buildRules = (
			);
			dependencies = (
			);
			name = Musica;
			productName = Musica;
			productReference = 9E51A00A2BD259DC00D2B259 /* Musica.app */;
			productType = "com.apple.product-type.application";
		};
/* End PBXNativeTarget section */

/* Begin PBXProject section */
		9E51A0022BD259DB00D2B259 /* Project object */ = {
			isa = PBXProject;
			attributes = {
				BuildIndependentTargetsInParallel = 1;
				LastSwiftUpdateCheck = 1530;
				LastUpgradeCheck = 1530;
				TargetAttributes = {
					9E51A0092BD259DB00D2B259 = {
						CreatedOnToolsVersion = 15.3;
					};
				};
			};
			buildConfigurationList = 9E51A0052BD259DB00D2B259 /* Build configuration list for PBXProject "Musica" */;
			compatibilityVersion = "Xcode 14.0";
			developmentRegion = en;
			hasScannedForEncodings = 0;
			knownRegions = (
				en,
				Base,
			);
			mainGroup = 9E51A0012BD259DB00D2B259;
			productRefGroup = 9E51A00B2BD259DC00D2B259 /* Products */;
			projectDirPath = "";
			projectRoot = "";
			targets = (
				9E51A0092BD259DB00D2B259 /* Musica */,
			);
		};
/* End PBXProject section */

/* Begin PBXResourcesBuildPhase section */
		9E51A0082BD259DB00D2B259 /* Resources */ = {
			isa = PBXResourcesBuildPhase;
			buildActionMask = 2147483647;
			files = (
				9E51A0342BD25D7D00D2B259 /* MusicViewController.xib in Resources */,
				9E51A0172BD259DD00D2B259 /* Assets.xcassets in Resources */,
				9E0791EC2BD267D3003D93EA /* morire.MP3 in Resources */,
				9E0791E82BD262D6003D93EA /* CaptionedMusicView.xib in Resources */,
				9ED2D9EF2BD2D4C2002B2C30 /* rehuso.MP3 in Resources */,
				9E51A01A2BD259DD00D2B259 /* Base in Resources */,
				9ED2D9ED2BD2D2DC002B2C30 /* morena.MP3 in Resources */,
				9ED2D9EB2BD2D1F8002B2C30 /* agarrala.MP3 in Resources */,
				9E0791EE2BD267E1003D93EA /* ellaSeFue.MP3 in Resources */,
				9E51A0232BD25A2400D2B259 /* HomeViewController.xib in Resources */,
			);
			runOnlyForDeploymentPostprocessing = 0;
		};
/* End PBXResourcesBuildPhase section */

/* Begin PBXSourcesBuildPhase section */
		9E51A0062BD259DB00D2B259 /* Sources */ = {
			isa = PBXSourcesBuildPhase;
			buildActionMask = 2147483647;
			files = (
				9E51A02F2BD25CF900D2B259 /* MusicType.swift in Sources */,
				9E51A00E2BD259DC00D2B259 /* AppDelegate.swift in Sources */,
				9E51A0102BD259DC00D2B259 /* SceneDelegate.swift in Sources */,
				9E0791E72BD262D6003D93EA /* CaptionedMusicView.swift in Sources */,
				9E51A0332BD25D7D00D2B259 /* MusicViewController.swift in Sources */,
				9E51A0252BD25A3200D2B259 /* HomeViewController.swift in Sources */,
				9E51A02D2BD25CEA00D2B259 /* SongType.swift in Sources */,
				9E0791EA2BD2636E003D93EA /* CaptionedMusic.swift in Sources */,
			);
			runOnlyForDeploymentPostprocessing = 0;
		};
/* End PBXSourcesBuildPhase section */

/* Begin PBXVariantGroup section */
		9E51A0182BD259DD00D2B259 /* LaunchScreen.storyboard */ = {
			isa = PBXVariantGroup;
			children = (
				9E51A0192BD259DD00D2B259 /* Base */,
			);
			name = LaunchScreen.storyboard;
			sourceTree = "<group>";
		};
/* End PBXVariantGroup section */

/* Begin XCBuildConfiguration section */
		9E51A01C2BD259DD00D2B259 /* Debug */ = {
			isa = XCBuildConfiguration;
			buildSettings = {
				ALWAYS_SEARCH_USER_PATHS = NO;
				ASSETCATALOG_COMPILER_GENERATE_SWIFT_ASSET_SYMBOL_EXTENSIONS = YES;
				CLANG_ANALYZER_NONNULL = YES;
				CLANG_ANALYZER_NUMBER_OBJECT_CONVERSION = YES_AGGRESSIVE;
				CLANG_CXX_LANGUAGE_STANDARD = "gnu++20";
				CLANG_ENABLE_MODULES = YES;
				CLANG_ENABLE_OBJC_ARC = YES;
				CLANG_ENABLE_OBJC_WEAK = YES;
				CLANG_WARN_BLOCK_CAPTURE_AUTORELEASING = YES;
				CLANG_WARN_BOOL_CONVERSION = YES;
				CLANG_WARN_COMMA = YES;
				CLANG_WARN_CONSTANT_CONVERSION = YES;
				CLANG_WARN_DEPRECATED_OBJC_IMPLEMENTATIONS = YES;
				CLANG_WARN_DIRECT_OBJC_ISA_USAGE = YES_ERROR;
				CLANG_WARN_DOCUMENTATION_COMMENTS = YES;
				CLANG_WARN_EMPTY_BODY = YES;
				CLANG_WARN_ENUM_CONVERSION = YES;
				CLANG_WARN_INFINITE_RECURSION = YES;
				CLANG_WARN_INT_CONVERSION = YES;
				CLANG_WARN_NON_LITERAL_NULL_CONVERSION = YES;
				CLANG_WARN_OBJC_IMPLICIT_RETAIN_SELF = YES;
				CLANG_WARN_OBJC_LITERAL_CONVERSION = YES;
				CLANG_WARN_OBJC_ROOT_CLASS = YES_ERROR;
				CLANG_WARN_QUOTED_INCLUDE_IN_FRAMEWORK_HEADER = YES;
				CLANG_WARN_RANGE_LOOP_ANALYSIS = YES;
				CLANG_WARN_STRICT_PROTOTYPES = YES;
				CLANG_WARN_SUSPICIOUS_MOVE = YES;
				CLANG_WARN_UNGUARDED_AVAILABILITY = YES_AGGRESSIVE;
				CLANG_WARN_UNREACHABLE_CODE = YES;
				CLANG_WARN__DUPLICATE_METHOD_MATCH = YES;
				COPY_PHASE_STRIP = NO;
				DEBUG_INFORMATION_FORMAT = dwarf;
				ENABLE_STRICT_OBJC_MSGSEND = YES;
				ENABLE_TESTABILITY = YES;
				ENABLE_USER_SCRIPT_SANDBOXING = YES;
				GCC_C_LANGUAGE_STANDARD = gnu17;
				GCC_DYNAMIC_NO_PIC = NO;
				GCC_NO_COMMON_BLOCKS = YES;
				GCC_OPTIMIZATION_LEVEL = 0;
				GCC_PREPROCESSOR_DEFINITIONS = (
					"DEBUG=1",
					"$(inherited)",
				);
				GCC_WARN_64_TO_32_BIT_CONVERSION = YES;
				GCC_WARN_ABOUT_RETURN_TYPE = YES_ERROR;
				GCC_WARN_UNDECLARED_SELECTOR = YES;
				GCC_WARN_UNINITIALIZED_AUTOS = YES_AGGRESSIVE;
				GCC_WARN_UNUSED_FUNCTION = YES;
				GCC_WARN_UNUSED_VARIABLE = YES;
				IPHONEOS_DEPLOYMENT_TARGET = 17.4;
				LOCALIZATION_PREFERS_STRING_CATALOGS = YES;
				MTL_ENABLE_DEBUG_INFO = INCLUDE_SOURCE;
				MTL_FAST_MATH = YES;
				ONLY_ACTIVE_ARCH = YES;
				SDKROOT = iphoneos;
				SWIFT_ACTIVE_COMPILATION_CONDITIONS = "DEBUG $(inherited)";
				SWIFT_OPTIMIZATION_LEVEL = "-Onone";
			};
			name = Debug;
		};
		9E51A01D2BD259DD00D2B259 /* Release */ = {
			isa = XCBuildConfiguration;
			buildSettings = {
				ALWAYS_SEARCH_USER_PATHS = NO;
				ASSETCATALOG_COMPILER_GENERATE_SWIFT_ASSET_SYMBOL_EXTENSIONS = YES;
				CLANG_ANALYZER_NONNULL = YES;
				CLANG_ANALYZER_NUMBER_OBJECT_CONVERSION = YES_AGGRESSIVE;
				CLANG_CXX_LANGUAGE_STANDARD = "gnu++20";
				CLANG_ENABLE_MODULES = YES;
				CLANG_ENABLE_OBJC_ARC = YES;
				CLANG_ENABLE_OBJC_WEAK = YES;
				CLANG_WARN_BLOCK_CAPTURE_AUTORELEASING = YES;
				CLANG_WARN_BOOL_CONVERSION = YES;
				CLANG_WARN_COMMA = YES;
				CLANG_WARN_CONSTANT_CONVERSION = YES;
				CLANG_WARN_DEPRECATED_OBJC_IMPLEMENTATIONS = YES;
				CLANG_WARN_DIRECT_OBJC_ISA_USAGE = YES_ERROR;
				CLANG_WARN_DOCUMENTATION_COMMENTS = YES;
				CLANG_WARN_EMPTY_BODY = YES;
				CLANG_WARN_ENUM_CONVERSION = YES;
				CLANG_WARN_INFINITE_RECURSION = YES;
				CLANG_WARN_INT_CONVERSION = YES;
				CLANG_WARN_NON_LITERAL_NULL_CONVERSION = YES;
				CLANG_WARN_OBJC_IMPLICIT_RETAIN_SELF = YES;
				CLANG_WARN_OBJC_LITERAL_CONVERSION = YES;
				CLANG_WARN_OBJC_ROOT_CLASS = YES_ERROR;
				CLANG_WARN_QUOTED_INCLUDE_IN_FRAMEWORK_HEADER = YES;
				CLANG_WARN_RANGE_LOOP_ANALYSIS = YES;
				CLANG_WARN_STRICT_PROTOTYPES = YES;
				CLANG_WARN_SUSPICIOUS_MOVE = YES;
				CLANG_WARN_UNGUARDED_AVAILABILITY = YES_AGGRESSIVE;
				CLANG_WARN_UNREACHABLE_CODE = YES;
				CLANG_WARN__DUPLICATE_METHOD_MATCH = YES;
				COPY_PHASE_STRIP = NO;
				DEBUG_INFORMATION_FORMAT = "dwarf-with-dsym";
				ENABLE_NS_ASSERTIONS = NO;
				ENABLE_STRICT_OBJC_MSGSEND = YES;
				ENABLE_USER_SCRIPT_SANDBOXING = YES;
				GCC_C_LANGUAGE_STANDARD = gnu17;
				GCC_NO_COMMON_BLOCKS = YES;
				GCC_WARN_64_TO_32_BIT_CONVERSION = YES;
				GCC_WARN_ABOUT_RETURN_TYPE = YES_ERROR;
				GCC_WARN_UNDECLARED_SELECTOR = YES;
				GCC_WARN_UNINITIALIZED_AUTOS = YES_AGGRESSIVE;
				GCC_WARN_UNUSED_FUNCTION = YES;
				GCC_WARN_UNUSED_VARIABLE = YES;
				IPHONEOS_DEPLOYMENT_TARGET = 17.4;
				LOCALIZATION_PREFERS_STRING_CATALOGS = YES;
				MTL_ENABLE_DEBUG_INFO = NO;
				MTL_FAST_MATH = YES;
				SDKROOT = iphoneos;
				SWIFT_COMPILATION_MODE = wholemodule;
				VALIDATE_PRODUCT = YES;
			};
			name = Release;
		};
		9E51A01F2BD259DD00D2B259 /* Debug */ = {
			isa = XCBuildConfiguration;
			buildSettings = {
				ASSETCATALOG_COMPILER_APPICON_NAME = AppIcon;
				ASSETCATALOG_COMPILER_GLOBAL_ACCENT_COLOR_NAME = AccentColor;
				CODE_SIGN_STYLE = Automatic;
				CURRENT_PROJECT_VERSION = 1;
				DEVELOPMENT_TEAM = VP4FAQ548V;
				GENERATE_INFOPLIST_FILE = YES;
				INFOPLIST_FILE = Musica/Info.plist;
				INFOPLIST_KEY_UIApplicationSupportsIndirectInputEvents = YES;
				INFOPLIST_KEY_UILaunchStoryboardName = LaunchScreen;
				INFOPLIST_KEY_UISupportedInterfaceOrientations = UIInterfaceOrientationPortrait;
				INFOPLIST_KEY_UISupportedInterfaceOrientations_iPad = "UIInterfaceOrientationLandscapeLeft UIInterfaceOrientationLandscapeRight UIInterfaceOrientationPortrait UIInterfaceOrientationPortraitUpsideDown";
				LD_RUNPATH_SEARCH_PATHS = (
					"$(inherited)",
					"@executable_path/Frameworks",
				);
				MARKETING_VERSION = 1.0;
				PRODUCT_BUNDLE_IDENTIFIER = richi.Musica;
				PRODUCT_NAME = "$(TARGET_NAME)";
				SUPPORTED_PLATFORMS = "iphoneos iphonesimulator";
				SUPPORTS_MACCATALYST = NO;
				SUPPORTS_MAC_DESIGNED_FOR_IPHONE_IPAD = NO;
				SUPPORTS_XR_DESIGNED_FOR_IPHONE_IPAD = NO;
				SWIFT_EMIT_LOC_STRINGS = YES;
				SWIFT_VERSION = 5.0;
				TARGETED_DEVICE_FAMILY = 1;
			};
			name = Debug;
		};
		9E51A0202BD259DD00D2B259 /* Release */ = {
			isa = XCBuildConfiguration;
			buildSettings = {
				ASSETCATALOG_COMPILER_APPICON_NAME = AppIcon;
				ASSETCATALOG_COMPILER_GLOBAL_ACCENT_COLOR_NAME = AccentColor;
				CODE_SIGN_STYLE = Automatic;
				CURRENT_PROJECT_VERSION = 1;
				DEVELOPMENT_TEAM = VP4FAQ548V;
				GENERATE_INFOPLIST_FILE = YES;
				INFOPLIST_FILE = Musica/Info.plist;
				INFOPLIST_KEY_UIApplicationSupportsIndirectInputEvents = YES;
				INFOPLIST_KEY_UILaunchStoryboardName = LaunchScreen;
				INFOPLIST_KEY_UISupportedInterfaceOrientations = UIInterfaceOrientationPortrait;
				INFOPLIST_KEY_UISupportedInterfaceOrientations_iPad = "UIInterfaceOrientationLandscapeLeft UIInterfaceOrientationLandscapeRight UIInterfaceOrientationPortrait UIInterfaceOrientationPortraitUpsideDown";
				LD_RUNPATH_SEARCH_PATHS = (
					"$(inherited)",
					"@executable_path/Frameworks",
				);
				MARKETING_VERSION = 1.0;
				PRODUCT_BUNDLE_IDENTIFIER = richi.Musica;
				PRODUCT_NAME = "$(TARGET_NAME)";
				SUPPORTED_PLATFORMS = "iphoneos iphonesimulator";
				SUPPORTS_MACCATALYST = NO;
				SUPPORTS_MAC_DESIGNED_FOR_IPHONE_IPAD = NO;
				SUPPORTS_XR_DESIGNED_FOR_IPHONE_IPAD = NO;
				SWIFT_EMIT_LOC_STRINGS = YES;
				SWIFT_VERSION = 5.0;
				TARGETED_DEVICE_FAMILY = 1;
			};
			name = Release;
		};
/* End XCBuildConfiguration section */

/* Begin XCConfigurationList section */
		9E51A0052BD259DB00D2B259 /* Build configuration list for PBXProject "Musica" */ = {
			isa = XCConfigurationList;
			buildConfigurations = (
				9E51A01C2BD259DD00D2B259 /* Debug */,
				9E51A01D2BD259DD00D2B259 /* Release */,
			);
			defaultConfigurationIsVisible = 0;
			defaultConfigurationName = Release;
		};
		9E51A01E2BD259DD00D2B259 /* Build configuration list for PBXNativeTarget "Musica" */ = {
			isa = XCConfigurationList;
			buildConfigurations = (
				9E51A01F2BD259DD00D2B259 /* Debug */,
				9E51A0202BD259DD00D2B259 /* Release */,
			);
			defaultConfigurationIsVisible = 0;
			defaultConfigurationName = Release;
		};
/* End XCConfigurationList section */
	};
	rootObject = 9E51A0022BD259DB00D2B259 /* Project object */;
}
